
Microsoft Visual Studio Solution File, Format Version 12.00
# Visual Studio Version 17
VisualStudioVersion = 17.5.33424.131
MinimumVisualStudioVersion = 10.0.40219.1
Project("{9A19103F-16F7-4668-BE54-9A1E7A4F7556}") = "RealEstate.WebAPI", "RealEstate.WebAPI\RealEstate.WebAPI.csproj", "{4E87E7C6-2B41-4831-96B8-75A86C449B05}"
EndProject
Project("{9A19103F-16F7-4668-BE54-9A1E7A4F7556}") = "RealEstate.Core.Model", "RealEstate.Model\RealEstate.Core.Model.csproj", "{8321219A-FF5C-4680-876F-903185F25AAB}"
EndProject
Project("{9A19103F-16F7-4668-BE54-9A1E7A4F7556}") = "RealEstate.Infrastructure", "RealEstate.Infrastructure\RealEstate.Infrastructure.csproj", "{C3BCC74E-8596-4690-BFEF-047E7536442A}"
EndProject
Project("{9A19103F-16F7-4668-BE54-9A1E7A4F7556}") = "RealEstate.Core.Services", "RealEstate.Core.Service\RealEstate.Core.Services.csproj", "{FCBEFAF0-C75D-4570-8B69-40357C9D6196}"
EndProject
Project("{9A19103F-16F7-4668-BE54-9A1E7A4F7556}") = "RealEstate.DTO", "RealEstate.DTO\RealEstate.DTO.csproj", "{12B442A9-7C0E-4850-A08F-2BA7E74CD062}"
EndProject
Global
	GlobalSection(SolutionConfigurationPlatforms) = preSolution
		Debug|Any CPU = Debug|Any CPU
		Release|Any CPU = Release|Any CPU
	EndGlobalSection
	GlobalSection(ProjectConfigurationPlatforms) = postSolution
		{4E87E7C6-2B41-4831-96B8-75A86C449B05}.Debug|Any CPU.ActiveCfg = Debug|Any CPU
		{4E87E7C6-2B41-4831-96B8-75A86C449B05}.Debug|Any CPU.Build.0 = Debug|Any CPU
		{4E87E7C6-2B41-4831-96B8-75A86C449B05}.Release|Any CPU.ActiveCfg = Release|Any CPU
		{4E87E7C6-2B41-4831-96B8-75A86C449B05}.Release|Any CPU.Build.0 = Release|Any CPU
		{8321219A-FF5C-4680-876F-903185F25AAB}.Debug|Any CPU.ActiveCfg = Debug|Any CPU
		{8321219A-FF5C-4680-876F-903185F25AAB}.Debug|Any CPU.Build.0 = Debug|Any CPU
		{8321219A-FF5C-4680-876F-903185F25AAB}.Release|Any CPU.ActiveCfg = Release|Any CPU
		{8321219A-FF5C-4680-876F-903185F25AAB}.Release|Any CPU.Build.0 = Release|Any CPU
		{C3BCC74E-8596-4690-BFEF-047E7536442A}.Debug|Any CPU.ActiveCfg = Debug|Any CPU
		{C3BCC74E-8596-4690-BFEF-047E7536442A}.Debug|Any CPU.Build.0 = Debug|Any CPU
		{C3BCC74E-8596-4690-BFEF-047E7536442A}.Release|Any CPU.ActiveCfg = Release|Any CPU
		{C3BCC74E-8596-4690-BFEF-047E7536442A}.Release|Any CPU.Build.0 = Release|Any CPU
		{FCBEFAF0-C75D-4570-8B69-40357C9D6196}.Debug|Any CPU.ActiveCfg = Debug|Any CPU
		{FCBEFAF0-C75D-4570-8B69-40357C9D6196}.Debug|Any CPU.Build.0 = Debug|Any CPU
		{FCBEFAF0-C75D-4570-8B69-40357C9D6196}.Release|Any CPU.ActiveCfg = Release|Any CPU
		{FCBEFAF0-C75D-4570-8B69-40357C9D6196}.Release|Any CPU.Build.0 = Release|Any CPU
		{12B442A9-7C0E-4850-A08F-2BA7E74CD062}.Debug|Any CPU.ActiveCfg = Debug|Any CPU
		{12B442A9-7C0E-4850-A08F-2BA7E74CD062}.Debug|Any CPU.Build.0 = Debug|Any CPU
		{12B442A9-7C0E-4850-A08F-2BA7E74CD062}.Release|Any CPU.ActiveCfg = Release|Any CPU
		{12B442A9-7C0E-4850-A08F-2BA7E74CD062}.Release|Any CPU.Build.0 = Release|Any CPU
	EndGlobalSection
	GlobalSection(SolutionProperties) = preSolution
		HideSolutionNode = FALSE
	EndGlobalSection
	GlobalSection(ExtensibilityGlobals) = postSolution
		SolutionGuid = {E0703CAB-6B55-4BCB-B040-05AC814C449C}
	EndGlobalSection
EndGlobal
